
Microsoft Visual Studio Solution File, Format Version 12.00
# Visual Studio Version 16
VisualStudioVersion = 16.0.33927.289
MinimumVisualStudioVersion = 10.0.40219.1
Project("{FAE04EC0-301F-11D3-BF4B-00C04F79EFBC}") = "DataGridView_02.13", "DataGridView_02.13\DataGridView_02.13.csproj", "{C9F302C1-DE1D-43BC-8A71-62F49FA6AF64}"
EndProject
Global
	GlobalSection(SolutionConfigurationPlatforms) = preSolution
		Debug|Any CPU = Debug|Any CPU
		Release|Any CPU = Release|Any CPU
	EndGlobalSection
	GlobalSection(ProjectConfigurationPlatforms) = postSolution
		{C9F302C1-DE1D-43BC-8A71-62F49FA6AF64}.Debug|Any CPU.ActiveCfg = Debug|Any CPU
		{C9F302C1-DE1D-43BC-8A71-62F49FA6AF64}.Debug|Any CPU.Build.0 = Debug|Any CPU
		{C9F302C1-DE1D-43BC-8A71-62F49FA6AF64}.Release|Any CPU.ActiveCfg = Release|Any CPU
		{C9F302C1-DE1D-43BC-8A71-62F49FA6AF64}.Release|Any CPU.Build.0 = Release|Any CPU
	EndGlobalSection
	GlobalSection(SolutionProperties) = preSolution
		HideSolutionNode = FALSE
	EndGlobalSection
	GlobalSection(ExtensibilityGlobals) = postSolution
		SolutionGuid = {A919AD6E-110C-4EC1-83D6-E7347A8926A9}
	EndGlobalSection
EndGlobal
